
Microsoft Visual Studio Solution File, Format Version 12.00
# Visual Studio 15
VisualStudioVersion = 15.0.28307.960
MinimumVisualStudioVersion = 10.0.40219.1
Project("{FAE04EC0-301F-11D3-BF4B-00C04F79EFBC}") = "MyMDB", "MyMDB\MyMDB.csproj", "{D82B7279-CD1E-45BE-9BD6-017878321C8D}"
EndProject
Global
	GlobalSection(SolutionConfigurationPlatforms) = preSolution
		Debug|Any CPU = Debug|Any CPU
		Release|Any CPU = Release|Any CPU
	EndGlobalSection
	GlobalSection(ProjectConfigurationPlatforms) = postSolution
		{D82B7279-CD1E-45BE-9BD6-017878321C8D}.Debug|Any CPU.ActiveCfg = Debug|Any CPU
		{D82B7279-CD1E-45BE-9BD6-017878321C8D}.Debug|Any CPU.Build.0 = Debug|Any CPU
		{D82B7279-CD1E-45BE-9BD6-017878321C8D}.Release|Any CPU.ActiveCfg = Release|Any CPU
		{D82B7279-CD1E-45BE-9BD6-017878321C8D}.Release|Any CPU.Build.0 = Release|Any CPU
	EndGlobalSection
	GlobalSection(SolutionProperties) = preSolution
		HideSolutionNode = FALSE
	EndGlobalSection
	GlobalSection(ExtensibilityGlobals) = postSolution
		SolutionGuid = {5AA13E74-20BA-4FFC-885A-77EFBC9FFDF2}
	EndGlobalSection
EndGlobal
